
Microsoft Visual Studio Solution File, Format Version 12.00
# Visual Studio Version 16
VisualStudioVersion = 16.0.31702.278
MinimumVisualStudioVersion = 10.0.40219.1
Project("{9A19103F-16F7-4668-BE54-9A1E7A4F7556}") = "AccountsMicroservice", "AccountsMicroservice.csproj", "{BFC4B8ED-A45C-441F-B3AE-C8B43B78F56A}"
EndProject
Project("{9A19103F-16F7-4668-BE54-9A1E7A4F7556}") = "AccountMicroserviceTest", "..\AccountMicroserviceTest\AccountMicroserviceTest.csproj", "{C1E011E2-DD93-4E28-9600-4820769BA629}"
EndProject
Project("{9A19103F-16F7-4668-BE54-9A1E7A4F7556}") = "Authentication", "..\..\AuthenticationMicroservice\Authentication\Authentication.csproj", "{F5EC43BA-A188-4BF5-A91C-929FBE938B97}"
EndProject
Project("{9A19103F-16F7-4668-BE54-9A1E7A4F7556}") = "AuthenticateTest", "..\..\AuthenticationMicroservice\AuthenticateTest\AuthenticateTest.csproj", "{10E9FF2F-05C3-4FD6-BFE3-00BB550554A8}"
EndProject
Project("{9A19103F-16F7-4668-BE54-9A1E7A4F7556}") = "CustomerMicroService", "..\..\CustomerMicroservice\CustomerMicroService\CustomerMicroService.csproj", "{9147EB1A-F65E-414C-8A68-923E2AC86876}"
EndProject
Project("{9A19103F-16F7-4668-BE54-9A1E7A4F7556}") = "CustomerMicroserviceTest", "..\..\CustomerMicroservice\CustomerMicroserviceTest\CustomerMicroserviceTest.csproj", "{85EA8DA8-267F-467F-BBA1-9ED1E32462AF}"
EndProject
Project("{9A19103F-16F7-4668-BE54-9A1E7A4F7556}") = "RuleTest", "..\..\RuleMicroservice\RuleTest\RuleTest.csproj", "{621AFA54-7F44-4337-BBDC-97746F93802F}"
EndProject
Project("{9A19103F-16F7-4668-BE54-9A1E7A4F7556}") = "RuleMicroservice", "..\..\RuleMicroservice\RuleMicroservice\RuleMicroservice.csproj", "{BDF95D71-80AB-468E-983A-3167F595F19D}"
EndProject
Project("{9A19103F-16F7-4668-BE54-9A1E7A4F7556}") = "TransactionTest", "..\..\TransactionMicroservice\TransactionTest\TransactionTest.csproj", "{2A3C8984-1A37-48EF-93E7-CBA3CC70FE71}"
EndProject
Project("{9A19103F-16F7-4668-BE54-9A1E7A4F7556}") = "TransactionMicroservice", "..\..\TransactionMicroservice\TransactionMicroservice\TransactionMicroservice.csproj", "{E4EFB034-DBE7-45C7-9C55-076982123BE8}"
EndProject
Global
	GlobalSection(SolutionConfigurationPlatforms) = preSolution
		Debug|Any CPU = Debug|Any CPU
		Release|Any CPU = Release|Any CPU
	EndGlobalSection
	GlobalSection(ProjectConfigurationPlatforms) = postSolution
		{BFC4B8ED-A45C-441F-B3AE-C8B43B78F56A}.Debug|Any CPU.ActiveCfg = Debug|Any CPU
		{BFC4B8ED-A45C-441F-B3AE-C8B43B78F56A}.Debug|Any CPU.Build.0 = Debug|Any CPU
		{BFC4B8ED-A45C-441F-B3AE-C8B43B78F56A}.Release|Any CPU.ActiveCfg = Release|Any CPU
		{BFC4B8ED-A45C-441F-B3AE-C8B43B78F56A}.Release|Any CPU.Build.0 = Release|Any CPU
		{C1E011E2-DD93-4E28-9600-4820769BA629}.Debug|Any CPU.ActiveCfg = Debug|Any CPU
		{C1E011E2-DD93-4E28-9600-4820769BA629}.Debug|Any CPU.Build.0 = Debug|Any CPU
		{C1E011E2-DD93-4E28-9600-4820769BA629}.Release|Any CPU.ActiveCfg = Release|Any CPU
		{C1E011E2-DD93-4E28-9600-4820769BA629}.Release|Any CPU.Build.0 = Release|Any CPU
		{F5EC43BA-A188-4BF5-A91C-929FBE938B97}.Debug|Any CPU.ActiveCfg = Debug|Any CPU
		{F5EC43BA-A188-4BF5-A91C-929FBE938B97}.Debug|Any CPU.Build.0 = Debug|Any CPU
		{F5EC43BA-A188-4BF5-A91C-929FBE938B97}.Release|Any CPU.ActiveCfg = Release|Any CPU
		{F5EC43BA-A188-4BF5-A91C-929FBE938B97}.Release|Any CPU.Build.0 = Release|Any CPU
		{10E9FF2F-05C3-4FD6-BFE3-00BB550554A8}.Debug|Any CPU.ActiveCfg = Debug|Any CPU
		{10E9FF2F-05C3-4FD6-BFE3-00BB550554A8}.Debug|Any CPU.Build.0 = Debug|Any CPU
		{10E9FF2F-05C3-4FD6-BFE3-00BB550554A8}.Release|Any CPU.ActiveCfg = Release|Any CPU
		{10E9FF2F-05C3-4FD6-BFE3-00BB550554A8}.Release|Any CPU.Build.0 = Release|Any CPU
		{9147EB1A-F65E-414C-8A68-923E2AC86876}.Debug|Any CPU.ActiveCfg = Debug|Any CPU
		{9147EB1A-F65E-414C-8A68-923E2AC86876}.Debug|Any CPU.Build.0 = Debug|Any CPU
		{9147EB1A-F65E-414C-8A68-923E2AC86876}.Release|Any CPU.ActiveCfg = Release|Any CPU
		{9147EB1A-F65E-414C-8A68-923E2AC86876}.Release|Any CPU.Build.0 = Release|Any CPU
		{85EA8DA8-267F-467F-BBA1-9ED1E32462AF}.Debug|Any CPU.ActiveCfg = Debug|Any CPU
		{85EA8DA8-267F-467F-BBA1-9ED1E32462AF}.Debug|Any CPU.Build.0 = Debug|Any CPU
		{85EA8DA8-267F-467F-BBA1-9ED1E32462AF}.Release|Any CPU.ActiveCfg = Release|Any CPU
		{85EA8DA8-267F-467F-BBA1-9ED1E32462AF}.Release|Any CPU.Build.0 = Release|Any CPU
		{621AFA54-7F44-4337-BBDC-97746F93802F}.Debug|Any CPU.ActiveCfg = Debug|Any CPU
		{621AFA54-7F44-4337-BBDC-97746F93802F}.Debug|Any CPU.Build.0 = Debug|Any CPU
		{621AFA54-7F44-4337-BBDC-97746F93802F}.Release|Any CPU.ActiveCfg = Release|Any CPU
		{621AFA54-7F44-4337-BBDC-97746F93802F}.Release|Any CPU.Build.0 = Release|Any CPU
		{BDF95D71-80AB-468E-983A-3167F595F19D}.Debug|Any CPU.ActiveCfg = Debug|Any CPU
		{BDF95D71-80AB-468E-983A-3167F595F19D}.Debug|Any CPU.Build.0 = Debug|Any CPU
		{BDF95D71-80AB-468E-983A-3167F595F19D}.Release|Any CPU.ActiveCfg = Release|Any CPU
		{BDF95D71-80AB-468E-983A-3167F595F19D}.Release|Any CPU.Build.0 = Release|Any CPU
		{2A3C8984-1A37-48EF-93E7-CBA3CC70FE71}.Debug|Any CPU.ActiveCfg = Debug|Any CPU
		{2A3C8984-1A37-48EF-93E7-CBA3CC70FE71}.Debug|Any CPU.Build.0 = Debug|Any CPU
		{2A3C8984-1A37-48EF-93E7-CBA3CC70FE71}.Release|Any CPU.ActiveCfg = Release|Any CPU
		{2A3C8984-1A37-48EF-93E7-CBA3CC70FE71}.Release|Any CPU.Build.0 = Release|Any CPU
		{E4EFB034-DBE7-45C7-9C55-076982123BE8}.Debug|Any CPU.ActiveCfg = Debug|Any CPU
		{E4EFB034-DBE7-45C7-9C55-076982123BE8}.Debug|Any CPU.Build.0 = Debug|Any CPU
		{E4EFB034-DBE7-45C7-9C55-076982123BE8}.Release|Any CPU.ActiveCfg = Release|Any CPU
		{E4EFB034-DBE7-45C7-9C55-076982123BE8}.Release|Any CPU.Build.0 = Release|Any CPU
	EndGlobalSection
	GlobalSection(SolutionProperties) = preSolution
		HideSolutionNode = FALSE
	EndGlobalSection
	GlobalSection(ExtensibilityGlobals) = postSolution
		SolutionGuid = {553C2CB0-14E0-4A4E-9DE5-0D3E60723A6C}
	EndGlobalSection
EndGlobal
